<?xml version="1.0" encoding="utf-8"?>
<Project ToolsVersion="4.0" xmlns="http://schemas.microsoft.com/developer/msbuild/2003">
  <ItemGroup>
    <Filter Include="Source Files">
      <UniqueIdentifier>{4FC737F1-C7A5-4376-A066-2A32D752A2FF}</UniqueIdentifier>
      <Extensions>cpp;c;cc;cxx;def;odl;idl;hpj;bat;asm;asmx</Extensions>
    </Filter>
    <Filter Include="Header Files">
      <UniqueIdentifier>{93995380-89BD-4b04-88EB-625FBE52EBFB}</UniqueIdentifier>
      <Extensions>h;hh;hpp;hxx;hm;inl;inc;xsd</Extensions>
    </Filter>
    <Filter Include="Resource Files">
      <UniqueIdentifier>{67DA6AB6-F800-4c08-8B7A-83BB121AAD01}</UniqueIdentifier>
      <Extensions>rc;ico;cur;bmp;dlg;rc2;rct;bin;rgs;gif;jpg;jpeg;jpe;resx;tiff;tif;png;wav;mfcribbon-ms</Extensions>
    </Filter>
  </ItemGroup>
  <ItemGroup>
    <ClInclude Include="..\..\..\..\johnloane-gd4classcode-b64a48b69433\GD4ClassCode\Aircraft.hpp">
      <Filter>Header Files</Filter>
    </ClInclude>
    <ClInclude Include="..\..\..\..\johnloane-gd4classcode-b64a48b69433\GD4ClassCode\Animation.hpp">
      <Filter>Header Files</Filter>
    </ClInclude>
    <ClInclude Include="..\..\..\..\johnloane-gd4classcode-b64a48b69433\GD4ClassCode\Application.hpp">
      <Filter>Header Files</Filter>
    </ClInclude>
    <ClInclude Include="..\..\..\..\johnloane-gd4classcode-b64a48b69433\GD4ClassCode\BloomEffect.hpp">
      <Filter>Header Files</Filter>
    </ClInclude>
    <ClInclude Include="..\..\..\..\johnloane-gd4classcode-b64a48b69433\GD4ClassCode\Button.hpp">
      <Filter>Header Files</Filter>
    </ClInclude>
    <ClInclude Include="..\..\..\..\johnloane-gd4classcode-b64a48b69433\GD4ClassCode\Category.hpp">
      <Filter>Header Files</Filter>
    </ClInclude>
    <ClInclude Include="..\..\..\..\johnloane-gd4classcode-b64a48b69433\GD4ClassCode\Command.hpp">
      <Filter>Header Files</Filter>
    </ClInclude>
    <ClInclude Include="..\..\..\..\johnloane-gd4classcode-b64a48b69433\GD4ClassCode\CommandQueue.hpp">
      <Filter>Header Files</Filter>
    </ClInclude>
    <ClInclude Include="..\..\..\..\johnloane-gd4classcode-b64a48b69433\GD4ClassCode\Component.hpp">
      <Filter>Header Files</Filter>
    </ClInclude>
    <ClInclude Include="..\..\..\..\johnloane-gd4classcode-b64a48b69433\GD4ClassCode\Container.hpp">
      <Filter>Header Files</Filter>
    </ClInclude>
    <ClInclude Include="..\..\..\..\johnloane-gd4classcode-b64a48b69433\GD4ClassCode\DataTables.hpp">
      <Filter>Header Files</Filter>
    </ClInclude>
    <ClInclude Include="..\..\..\..\johnloane-gd4classcode-b64a48b69433\GD4ClassCode\EmitterNode.hpp">
      <Filter>Header Files</Filter>
    </ClInclude>
    <ClInclude Include="..\..\..\..\johnloane-gd4classcode-b64a48b69433\GD4ClassCode\Entity.hpp">
      <Filter>Header Files</Filter>
    </ClInclude>
    <ClInclude Include="..\..\..\..\johnloane-gd4classcode-b64a48b69433\GD4ClassCode\Foreach.hpp">
      <Filter>Header Files</Filter>
    </ClInclude>
    <ClInclude Include="..\..\..\..\johnloane-gd4classcode-b64a48b69433\GD4ClassCode\GameOverState.hpp">
      <Filter>Header Files</Filter>
    </ClInclude>
    <ClInclude Include="..\..\..\..\johnloane-gd4classcode-b64a48b69433\GD4ClassCode\GameServer.hpp">
      <Filter>Header Files</Filter>
    </ClInclude>
    <ClInclude Include="..\..\..\..\johnloane-gd4classcode-b64a48b69433\GD4ClassCode\GameState.hpp">
      <Filter>Header Files</Filter>
    </ClInclude>
    <ClInclude Include="..\..\..\..\johnloane-gd4classcode-b64a48b69433\GD4ClassCode\KeyBinding.hpp">
      <Filter>Header Files</Filter>
    </ClInclude>
    <ClInclude Include="..\..\..\..\johnloane-gd4classcode-b64a48b69433\GD4ClassCode\Label.hpp">
      <Filter>Header Files</Filter>
    </ClInclude>
    <ClInclude Include="..\..\..\..\johnloane-gd4classcode-b64a48b69433\GD4ClassCode\MenuState.hpp">
      <Filter>Header Files</Filter>
    </ClInclude>
    <ClInclude Include="..\..\..\..\johnloane-gd4classcode-b64a48b69433\GD4ClassCode\MultiplayerGameState.hpp">
      <Filter>Header Files</Filter>
    </ClInclude>
    <ClInclude Include="..\..\..\..\johnloane-gd4classcode-b64a48b69433\GD4ClassCode\MusicPlayer.hpp">
      <Filter>Header Files</Filter>
    </ClInclude>
    <ClInclude Include="..\..\..\..\johnloane-gd4classcode-b64a48b69433\GD4ClassCode\NetworkNode.hpp">
      <Filter>Header Files</Filter>
    </ClInclude>
    <ClInclude Include="..\..\..\..\johnloane-gd4classcode-b64a48b69433\GD4ClassCode\NetworkProtocol.hpp">
      <Filter>Header Files</Filter>
    </ClInclude>
    <ClInclude Include="..\..\..\..\johnloane-gd4classcode-b64a48b69433\GD4ClassCode\Particle.hpp">
      <Filter>Header Files</Filter>
    </ClInclude>
    <ClInclude Include="..\..\..\..\johnloane-gd4classcode-b64a48b69433\GD4ClassCode\ParticleNode.hpp">
      <Filter>Header Files</Filter>
    </ClInclude>
    <ClInclude Include="..\..\..\..\johnloane-gd4classcode-b64a48b69433\GD4ClassCode\PauseState.hpp">
      <Filter>Header Files</Filter>
    </ClInclude>
    <ClInclude Include="..\..\..\..\johnloane-gd4classcode-b64a48b69433\GD4ClassCode\Pickup.hpp">
      <Filter>Header Files</Filter>
    </ClInclude>
    <ClInclude Include="..\..\..\..\johnloane-gd4classcode-b64a48b69433\GD4ClassCode\Player.hpp">
      <Filter>Header Files</Filter>
    </ClInclude>
    <ClInclude Include="..\..\..\..\johnloane-gd4classcode-b64a48b69433\GD4ClassCode\PostEffect.hpp">
      <Filter>Header Files</Filter>
    </ClInclude>
    <ClInclude Include="..\..\..\..\johnloane-gd4classcode-b64a48b69433\GD4ClassCode\Projectile.hpp">
      <Filter>Header Files</Filter>
    </ClInclude>
    <ClInclude Include="..\..\..\..\johnloane-gd4classcode-b64a48b69433\GD4ClassCode\ResourceHolder.hpp">
      <Filter>Header Files</Filter>
    </ClInclude>
    <ClInclude Include="..\..\..\..\johnloane-gd4classcode-b64a48b69433\GD4ClassCode\ResourceIdentifiers.hpp">
      <Filter>Header Files</Filter>
    </ClInclude>
    <ClInclude Include="..\..\..\..\johnloane-gd4classcode-b64a48b69433\GD4ClassCode\SceneNode.hpp">
      <Filter>Header Files</Filter>
    </ClInclude>
    <ClInclude Include="..\..\..\..\johnloane-gd4classcode-b64a48b69433\GD4ClassCode\SettingsState.hpp">
      <Filter>Header Files</Filter>
    </ClInclude>
    <ClInclude Include="..\..\..\..\johnloane-gd4classcode-b64a48b69433\GD4ClassCode\SoundNode.hpp">
      <Filter>Header Files</Filter>
    </ClInclude>
    <ClInclude Include="..\..\..\..\johnloane-gd4classcode-b64a48b69433\GD4ClassCode\SoundPlayer.hpp">
      <Filter>Header Files</Filter>
    </ClInclude>
    <ClInclude Include="..\..\..\..\johnloane-gd4classcode-b64a48b69433\GD4ClassCode\SpriteNode.hpp">
      <Filter>Header Files</Filter>
    </ClInclude>
    <ClInclude Include="..\..\..\..\johnloane-gd4classcode-b64a48b69433\GD4ClassCode\State.hpp">
      <Filter>Header Files</Filter>
    </ClInclude>
    <ClInclude Include="..\..\..\..\johnloane-gd4classcode-b64a48b69433\GD4ClassCode\StateIdentifiers.hpp">
      <Filter>Header Files</Filter>
    </ClInclude>
    <ClInclude Include="..\..\..\..\johnloane-gd4classcode-b64a48b69433\GD4ClassCode\StateStack.hpp">
      <Filter>Header Files</Filter>
    </ClInclude>
    <ClInclude Include="..\..\..\..\johnloane-gd4classcode-b64a48b69433\GD4ClassCode\StringHelpers.hpp">
      <Filter>Header Files</Filter>
    </ClInclude>
    <ClInclude Include="..\..\..\..\johnloane-gd4classcode-b64a48b69433\GD4ClassCode\TextNode.hpp">
      <Filter>Header Files</Filter>
    </ClInclude>
    <ClInclude Include="..\..\..\..\johnloane-gd4classcode-b64a48b69433\GD4ClassCode\TitleState.hpp">
      <Filter>Header Files</Filter>
    </ClInclude>
    <ClInclude Include="..\..\..\..\johnloane-gd4classcode-b64a48b69433\GD4ClassCode\Utility.hpp">
      <Filter>Header Files</Filter>
    </ClInclude>
    <ClInclude Include="..\..\..\..\johnloane-gd4classcode-b64a48b69433\GD4ClassCode\World.hpp">
      <Filter>Header Files</Filter>
    </ClInclude>
  </ItemGroup>
  <ItemGroup>
    <None Include="..\..\..\..\johnloane-gd4classcode-b64a48b69433\GD4ClassCode\Resources.inl">
      <Filter>Header Files</Filter>
    </None>
    <None Include="..\..\..\..\johnloane-gd4classcode-b64a48b69433\GD4ClassCode\StringHelpers.inl">
      <Filter>Header Files</Filter>
    </None>
    <None Include="..\..\..\..\johnloane-gd4classcode-b64a48b69433\GD4ClassCode\Utility.inl">
      <Filter>Header Files</Filter>
    </None>
  </ItemGroup>
  <ItemGroup>
    <ClCompile Include="..\..\..\..\johnloane-gd4classcode-b64a48b69433\GD4ClassCode\Aircraft.cpp">
      <Filter>Source Files</Filter>
    </ClCompile>
    <ClCompile Include="..\..\..\..\johnloane-gd4classcode-b64a48b69433\GD4ClassCode\Animation.cpp">
      <Filter>Source Files</Filter>
    </ClCompile>
    <ClCompile Include="..\..\..\..\johnloane-gd4classcode-b64a48b69433\GD4ClassCode\Application.cpp">
      <Filter>Source Files</Filter>
    </ClCompile>
    <ClCompile Include="..\..\..\..\johnloane-gd4classcode-b64a48b69433\GD4ClassCode\BloomEffect.cpp">
      <Filter>Source Files</Filter>
    </ClCompile>
    <ClCompile Include="..\..\..\..\johnloane-gd4classcode-b64a48b69433\GD4ClassCode\Button.cpp">
      <Filter>Source Files</Filter>
    </ClCompile>
    <ClCompile Include="..\..\..\..\johnloane-gd4classcode-b64a48b69433\GD4ClassCode\Command.cpp">
      <Filter>Source Files</Filter>
    </ClCompile>
    <ClCompile Include="..\..\..\..\johnloane-gd4classcode-b64a48b69433\GD4ClassCode\CommandQueue.cpp">
      <Filter>Source Files</Filter>
    </ClCompile>
    <ClCompile Include="..\..\..\..\johnloane-gd4classcode-b64a48b69433\GD4ClassCode\Component.cpp">
      <Filter>Source Files</Filter>
    </ClCompile>
    <ClCompile Include="..\..\..\..\johnloane-gd4classcode-b64a48b69433\GD4ClassCode\Container.cpp">
      <Filter>Source Files</Filter>
    </ClCompile>
    <ClCompile Include="..\..\..\..\johnloane-gd4classcode-b64a48b69433\GD4ClassCode\DataTables.cpp">
      <Filter>Source Files</Filter>
    </ClCompile>
    <ClCompile Include="..\..\..\..\johnloane-gd4classcode-b64a48b69433\GD4ClassCode\EmitterNode.cpp">
      <Filter>Source Files</Filter>
    </ClCompile>
    <ClCompile Include="..\..\..\..\johnloane-gd4classcode-b64a48b69433\GD4ClassCode\Entity.cpp">
      <Filter>Source Files</Filter>
    </ClCompile>
    <ClCompile Include="..\..\..\..\johnloane-gd4classcode-b64a48b69433\GD4ClassCode\GameOverState.cpp">
      <Filter>Source Files</Filter>
    </ClCompile>
    <ClCompile Include="..\..\..\..\johnloane-gd4classcode-b64a48b69433\GD4ClassCode\GameServer.cpp">
      <Filter>Source Files</Filter>
    </ClCompile>
    <ClCompile Include="..\..\..\..\johnloane-gd4classcode-b64a48b69433\GD4ClassCode\GameState.cpp">
      <Filter>Source Files</Filter>
    </ClCompile>
    <ClCompile Include="..\..\..\..\johnloane-gd4classcode-b64a48b69433\GD4ClassCode\KeyBinding.cpp">
      <Filter>Source Files</Filter>
    </ClCompile>
    <ClCompile Include="..\..\..\..\johnloane-gd4classcode-b64a48b69433\GD4ClassCode\Label.cpp">
      <Filter>Source Files</Filter>
    </ClCompile>
    <ClCompile Include="..\..\..\..\johnloane-gd4classcode-b64a48b69433\GD4ClassCode\main.cpp">
      <Filter>Source Files</Filter>
    </ClCompile>
    <ClCompile Include="..\..\..\..\johnloane-gd4classcode-b64a48b69433\GD4ClassCode\MenuState.cpp">
      <Filter>Source Files</Filter>
    </ClCompile>
    <ClCompile Include="..\..\..\..\johnloane-gd4classcode-b64a48b69433\GD4ClassCode\MultiplayerGameState.cpp">
      <Filter>Source Files</Filter>
    </ClCompile>
    <ClCompile Include="..\..\..\..\johnloane-gd4classcode-b64a48b69433\GD4ClassCode\MusicPlayer.cpp">
      <Filter>Source Files</Filter>
    </ClCompile>
    <ClCompile Include="..\..\..\..\johnloane-gd4classcode-b64a48b69433\GD4ClassCode\NetworkNode.cpp">
      <Filter>Source Files</Filter>
    </ClCompile>
    <ClCompile Include="..\..\..\..\johnloane-gd4classcode-b64a48b69433\GD4ClassCode\ParticleNode.cpp">
      <Filter>Source Files</Filter>
    </ClCompile>
    <ClCompile Include="..\..\..\..\johnloane-gd4classcode-b64a48b69433\GD4ClassCode\PauseState.cpp">
      <Filter>Source Files</Filter>
    </ClCompile>
    <ClCompile Include="..\..\..\..\johnloane-gd4classcode-b64a48b69433\GD4ClassCode\Pickup.cpp">
      <Filter>Source Files</Filter>
    </ClCompile>
    <ClCompile Include="..\..\..\..\johnloane-gd4classcode-b64a48b69433\GD4ClassCode\Player.cpp">
      <Filter>Source Files</Filter>
    </ClCompile>
    <ClCompile Include="..\..\..\..\johnloane-gd4classcode-b64a48b69433\GD4ClassCode\PostEffect.cpp">
      <Filter>Source Files</Filter>
    </ClCompile>
    <ClCompile Include="..\..\..\..\johnloane-gd4classcode-b64a48b69433\GD4ClassCode\Projectile.cpp">
      <Filter>Source Files</Filter>
    </ClCompile>
    <ClCompile Include="..\..\..\..\johnloane-gd4classcode-b64a48b69433\GD4ClassCode\SceneNode.cpp">
      <Filter>Source Files</Filter>
    </ClCompile>
    <ClCompile Include="..\..\..\..\johnloane-gd4classcode-b64a48b69433\GD4ClassCode\SettingsState.cpp">
      <Filter>Source Files</Filter>
    </ClCompile>
    <ClCompile Include="..\..\..\..\johnloane-gd4classcode-b64a48b69433\GD4ClassCode\SoundNode.cpp">
      <Filter>Source Files</Filter>
    </ClCompile>
    <ClCompile Include="..\..\..\..\johnloane-gd4classcode-b64a48b69433\GD4ClassCode\SoundPlayer.cpp">
      <Filter>Source Files</Filter>
    </ClCompile>
    <ClCompile Include="..\..\..\..\johnloane-gd4classcode-b64a48b69433\GD4ClassCode\SpriteNode.cpp">
      <Filter>Source Files</Filter>
    </ClCompile>
    <ClCompile Include="..\..\..\..\johnloane-gd4classcode-b64a48b69433\GD4ClassCode\State.cpp">
      <Filter>Source Files</Filter>
    </ClCompile>
    <ClCompile Include="..\..\..\..\johnloane-gd4classcode-b64a48b69433\GD4ClassCode\StateStack.cpp">
      <Filter>Source Files</Filter>
    </ClCompile>
    <ClCompile Include="..\..\..\..\johnloane-gd4classcode-b64a48b69433\GD4ClassCode\TextNode.cpp">
      <Filter>Source Files</Filter>
    </ClCompile>
    <ClCompile Include="..\..\..\..\johnloane-gd4classcode-b64a48b69433\GD4ClassCode\TitleState.cpp">
      <Filter>Source Files</Filter>
    </ClCompile>
    <ClCompile Include="..\..\..\..\johnloane-gd4classcode-b64a48b69433\GD4ClassCode\Utility.cpp">
      <Filter>Source Files</Filter>
    </ClCompile>
    <ClCompile Include="..\..\..\..\johnloane-gd4classcode-b64a48b69433\GD4ClassCode\World.cpp">
      <Filter>Source Files</Filter>
    </ClCompile>
  </ItemGroup>
</Project>